// !$*UTF8*$!
{
	archiveVersion = 1;
	classes = {
	};
	objectVersion = 77;
	objects = {

/* Begin PBXBuildFile section */
		0962C86F16A51D4580A8AB82 /* cc-shared-culture.epub in Resources */ = {isa = PBXBuildFile; fileRef = 43AFE216AF72FB4FE34E642E /* cc-shared-culture.epub */; };
		126BA627C414AD0E8B512D3C /* page-blanche.epub in Resources */ = {isa = PBXBuildFile; fileRef = 0AC06FBC5F946AD5BA336870 /* page-blanche.epub */; };
		15F2A68DC8B06A14B4D9CA3D /* quiz-bindings.epub in Resources */ = {isa = PBXBuildFile; fileRef = D5C18CBB8A3593138384C6B7 /* quiz-bindings.epub */; };
		1A4345B752E17BB0EEF2E496 /* kusamakura-japanese-vertical-writing.epub in Resources */ = {isa = PBXBuildFile; fileRef = F0615FA666A7A92A9ADE2691 /* kusamakura-japanese-vertical-writing.epub */; };
		22EBCD4572294F1AF8D8F9C8 /* EPUBParserTests.swift in Sources */ = {isa = PBXBuildFile; fileRef = AB4FB0B945C61889390AC3DC /* EPUBParserTests.swift */; };
		2C381E44577CB1DB692BAA8A /* AttributedStringBuilderTests.swift in Sources */ = {isa = PBXBuildFile; fileRef = BE517AB534352AE109A08B2B /* AttributedStringBuilderTests.swift */; };
		36EA78AEF80572E668BF61EC /* Foundation.framework in Frameworks */ = {isa = PBXBuildFile; fileRef = 3198DB17E9FF90C3612D619A /* Foundation.framework */; };
		4637F892513846848EC1E57C /* figure-gallery-bindings.epub in Resources */ = {isa = PBXBuildFile; fileRef = 49C4E70FAF62856777774448 /* figure-gallery-bindings.epub */; };
		4BEAEE2C3E7AA8A115739921 /* haruko-ahl.epub in Resources */ = {isa = PBXBuildFile; fileRef = 8F7F4934B000457C12EB9854 /* haruko-ahl.epub */; };
		4CF97F08ACEDC367E1CF78C0 /* cole-voyage-of-life.epub in Resources */ = {isa = PBXBuildFile; fileRef = AB1211E8FACD466238C5ACA1 /* cole-voyage-of-life.epub */; };
		4E7D36E4CDF5F900FC97416B /* moby-dick.epub in Resources */ = {isa = PBXBuildFile; fileRef = 81D0A590A20E760F6386BD17 /* moby-dick.epub */; };
		50B5DF7509C408F5A6458701 /* hefty-water.epub in Resources */ = {isa = PBXBuildFile; fileRef = B62E5AE0E1D562D97E39D9C8 /* hefty-water.epub */; };
		5261468CF2191467A9AC0C75 /* mahabharata.epub in Resources */ = {isa = PBXBuildFile; fileRef = 9EE430E6BF8E2B81BE95F6F2 /* mahabharata.epub */; };
		5C7911140AA3EC3ED240161F /* jlreq-in-japanese.epub in Resources */ = {isa = PBXBuildFile; fileRef = 7E4960943FB02B3DE5B287A4 /* jlreq-in-japanese.epub */; };
		60155E7648C284E88D055B26 /* kusamakura-preview.epub in Resources */ = {isa = PBXBuildFile; fileRef = FE841F3410C7E564EA872A44 /* kusamakura-preview.epub */; };
		61FB170B77C6B9A08879D801 /* sous-le-vent.epub in Resources */ = {isa = PBXBuildFile; fileRef = EE8142962968D2E6D0C8F4C4 /* sous-le-vent.epub */; };
		622B44296280C0CCFA49C674 /* kusamakura-preview-embedded.epub in Resources */ = {isa = PBXBuildFile; fileRef = 5A4391AFD70A9253832AE93E /* kusamakura-preview-embedded.epub */; };
		630A89744C7D0C65145E2E2F /* accessible_epub_3.epub in Resources */ = {isa = PBXBuildFile; fileRef = 0B9D5CC6B405CB68B11DCF76 /* accessible_epub_3.epub */; };
		6930027B1C5483DF3FFA2B58 /* israelsailing.epub in Resources */ = {isa = PBXBuildFile; fileRef = 1E2DD2E2CDAA9F986B881CD8 /* israelsailing.epub */; };
		740FCD4B25798FF7FA92C43B /* NativePaginationEngineTests.swift in Sources */ = {isa = PBXBuildFile; fileRef = BA11CA397984A7443ECD416A /* NativePaginationEngineTests.swift */; };
		7F79025BC59FF0A0853A7CB2 /* georgia-cfi.epub in Resources */ = {isa = PBXBuildFile; fileRef = EC15F57B10A6BF3F2BC1FC00 /* georgia-cfi.epub */; };
		81A6ABC176F1A5D934BED888 /* cole-voyage-of-life-tol.epub in Resources */ = {isa = PBXBuildFile; fileRef = 10EE9D9A0C87F5323A073968 /* cole-voyage-of-life-tol.epub */; };
		820575CE1F29DD6B0D7235E9 /* childrens-literature.epub in Resources */ = {isa = PBXBuildFile; fileRef = AE842891B44113B4A5FF6E91 /* childrens-literature.epub */; };
		85DC76F02C0503605478D3E1 /* linear-algebra.epub in Resources */ = {isa = PBXBuildFile; fileRef = 36DB5DB50405C5725DA15419 /* linear-algebra.epub */; };
		86CF172AA5BDE444DE12911B /* page-blanche-bitmaps-in-spine.epub in Resources */ = {isa = PBXBuildFile; fileRef = 6B101721A94C97F0B15F8E0A /* page-blanche-bitmaps-in-spine.epub */; };
		897263B71893AA340834CB4D /* epub30-spec.epub in Resources */ = {isa = PBXBuildFile; fileRef = F936D7C41466220B1F3D3926 /* epub30-spec.epub */; };
		8C2B5C770A32AFE1A92F7CC9 /* regime-anticancer-arabic.epub in Resources */ = {isa = PBXBuildFile; fileRef = 9A2C527D44054E76C4E060A1 /* regime-anticancer-arabic.epub */; };
		8F94EB0592449A47A99B4B08 /* internallinks.epub in Resources */ = {isa = PBXBuildFile; fileRef = 7D2CF6D5EA965A9EB707A473 /* internallinks.epub */; };
		922A738C682FFB9BEEC2E827 /* jlreq-in-english.epub in Resources */ = {isa = PBXBuildFile; fileRef = 6B6F6F87CE408D3916D95334 /* jlreq-in-english.epub */; };
		9D79A56D8B51C192714058A6 /* svg-in-spine.epub in Resources */ = {isa = PBXBuildFile; fileRef = 46784804C7B5A1DDB4BBF236 /* svg-in-spine.epub */; };
		A6C8714D718D4DD9AC54683D /* childrens-media-query.epub in Resources */ = {isa = PBXBuildFile; fileRef = FE3B98B8FB9F95209F6ED0D8 /* childrens-media-query.epub */; };
		A915BE8CBDF9617FB2542912 /* moby-dick-mo.epub in Resources */ = {isa = PBXBuildFile; fileRef = 78DE80B7B553073962261DC6 /* moby-dick-mo.epub */; };
		C306A46CA6F5DEE383DFD793 /* TestHelpers.swift in Sources */ = {isa = PBXBuildFile; fileRef = A33A54BD6BDD8D5CD5F14DA0 /* TestHelpers.swift */; };
		C5646A1FEF05473109666712 /* haruko-jpeg.epub in Resources */ = {isa = PBXBuildFile; fileRef = 9C533180AAE2ED380EC11C2E /* haruko-jpeg.epub */; };
		C7B52C7FC49FDA601594006C /* NativeEPUBEngineTests.swift in Sources */ = {isa = PBXBuildFile; fileRef = 510BA1F4EB0F433CA89F1372 /* NativeEPUBEngineTests.swift */; };
		C87D4573BA29359834CA2ED3 /* indexing-for-eds-and-auths-3f.epub in Resources */ = {isa = PBXBuildFile; fileRef = 519C09F50D9ECDB61EB42A73 /* indexing-for-eds-and-auths-3f.epub */; };
		CFB6A1D78AC6A4EFA68EDFE0 /* sous-le-vent_svg-in-spine.epub in Resources */ = {isa = PBXBuildFile; fileRef = 37EA3933EAEC9A53BDC20584 /* sous-le-vent_svg-in-spine.epub */; };
		D1B527B10E02140348962F8D /* haruko-html-jpeg.epub in Resources */ = {isa = PBXBuildFile; fileRef = 8191CF3770B0724ED2F3D13B /* haruko-html-jpeg.epub */; };
		F58FD9C72A7ED05E8F046F7E /* XHTMLContentParserTests.swift in Sources */ = {isa = PBXBuildFile; fileRef = 44ED4D0DA38EB9EF94A231A8 /* XHTMLContentParserTests.swift */; };
		F762B7CB76CB156CFA5440F8 /* georgia-pls-ssml.epub in Resources */ = {isa = PBXBuildFile; fileRef = 30EC1970D1ED757920B944A0 /* georgia-pls-ssml.epub */; };
		F91E18572F3679000029A1F0 /* ZIPFoundation in Frameworks */ = {isa = PBXBuildFile; productRef = F91E18582F3679000029A1F0 /* ZIPFoundation */; };
		F91E18752F37E6270029A1F0 /* WidgetKit.framework in Frameworks */ = {isa = PBXBuildFile; fileRef = F91E18742F37E6270029A1F0 /* WidgetKit.framework */; };
		F91E18772F37E6270029A1F0 /* SwiftUI.framework in Frameworks */ = {isa = PBXBuildFile; fileRef = F91E18762F37E6270029A1F0 /* SwiftUI.framework */; };
		F91E18882F37E6280029A1F0 /* CompendusWidgetExtension.appex in Embed Foundation Extensions */ = {isa = PBXBuildFile; fileRef = F91E18732F37E6270029A1F0 /* CompendusWidgetExtension.appex */; settings = {ATTRIBUTES = (RemoveHeadersOnCopy, ); }; };
		F9A1B0012F4500000029A1F0 /* SwiftSoup in Frameworks */ = {isa = PBXBuildFile; productRef = F9A1B0022F4500000029A1F0 /* SwiftSoup */; };
		F9CF53942F4848380099E42C /* Launch Screen.storyboard in Resources */ = {isa = PBXBuildFile; fileRef = F9CF53932F4848380099E42C /* Launch Screen.storyboard */; };
/* End PBXBuildFile section */

/* Begin PBXContainerItemProxy section */
		4C01B1A11929028ABAE5A0B6 /* PBXContainerItemProxy */ = {
			isa = PBXContainerItemProxy;
			containerPortal = F91E18022F366F9C0029A1F0 /* Project object */;
			proxyType = 1;
			remoteGlobalIDString = F91E18092F366F9C0029A1F0;
			remoteInfo = Compendus;
		};
		F91E18862F37E6280029A1F0 /* PBXContainerItemProxy */ = {
			isa = PBXContainerItemProxy;
			containerPortal = F91E18022F366F9C0029A1F0 /* Project object */;
			proxyType = 1;
			remoteGlobalIDString = F91E18722F37E6270029A1F0;
			remoteInfo = CompendusWidgetExtension;
		};
/* End PBXContainerItemProxy section */

/* Begin PBXCopyFilesBuildPhase section */
		F91E188D2F37E6280029A1F0 /* Embed Foundation Extensions */ = {
			isa = PBXCopyFilesBuildPhase;
			buildActionMask = 2147483647;
			dstPath = "";
			dstSubfolderSpec = 13;
			files = (
				F91E18882F37E6280029A1F0 /* CompendusWidgetExtension.appex in Embed Foundation Extensions */,
			);
			name = "Embed Foundation Extensions";
			runOnlyForDeploymentPostprocessing = 0;
		};
/* End PBXCopyFilesBuildPhase section */

/* Begin PBXFileReference section */
		0AC06FBC5F946AD5BA336870 /* page-blanche.epub */ = {isa = PBXFileReference; includeInIndex = 1; lastKnownFileType = file; path = "page-blanche.epub"; sourceTree = "<group>"; };
		0B9D5CC6B405CB68B11DCF76 /* accessible_epub_3.epub */ = {isa = PBXFileReference; includeInIndex = 1; lastKnownFileType = file; path = accessible_epub_3.epub; sourceTree = "<group>"; };
		10EE9D9A0C87F5323A073968 /* cole-voyage-of-life-tol.epub */ = {isa = PBXFileReference; includeInIndex = 1; lastKnownFileType = file; path = "cole-voyage-of-life-tol.epub"; sourceTree = "<group>"; };
		1E2DD2E2CDAA9F986B881CD8 /* israelsailing.epub */ = {isa = PBXFileReference; includeInIndex = 1; lastKnownFileType = file; path = israelsailing.epub; sourceTree = "<group>"; };
		30EC1970D1ED757920B944A0 /* georgia-pls-ssml.epub */ = {isa = PBXFileReference; includeInIndex = 1; lastKnownFileType = file; path = "georgia-pls-ssml.epub"; sourceTree = "<group>"; };
		3198DB17E9FF90C3612D619A /* Foundation.framework */ = {isa = PBXFileReference; lastKnownFileType = wrapper.framework; name = Foundation.framework; path = Platforms/iPhoneOS.platform/Developer/SDKs/iPhoneOS18.0.sdk/System/Library/Frameworks/Foundation.framework; sourceTree = DEVELOPER_DIR; };
		36DB5DB50405C5725DA15419 /* linear-algebra.epub */ = {isa = PBXFileReference; includeInIndex = 1; lastKnownFileType = file; path = "linear-algebra.epub"; sourceTree = "<group>"; };
		37EA3933EAEC9A53BDC20584 /* sous-le-vent_svg-in-spine.epub */ = {isa = PBXFileReference; includeInIndex = 1; lastKnownFileType = file; path = "sous-le-vent_svg-in-spine.epub"; sourceTree = "<group>"; };
		3D17E6D8AC7806D10F5B92E4 /* CompendusTests.xctest */ = {isa = PBXFileReference; explicitFileType = wrapper.cfbundle; includeInIndex = 0; path = CompendusTests.xctest; sourceTree = BUILT_PRODUCTS_DIR; };
		43AFE216AF72FB4FE34E642E /* cc-shared-culture.epub */ = {isa = PBXFileReference; includeInIndex = 1; lastKnownFileType = file; path = "cc-shared-culture.epub"; sourceTree = "<group>"; };
		44ED4D0DA38EB9EF94A231A8 /* XHTMLContentParserTests.swift */ = {isa = PBXFileReference; includeInIndex = 1; lastKnownFileType = sourcecode.swift; path = XHTMLContentParserTests.swift; sourceTree = "<group>"; };
		46784804C7B5A1DDB4BBF236 /* svg-in-spine.epub */ = {isa = PBXFileReference; includeInIndex = 1; lastKnownFileType = file; path = "svg-in-spine.epub"; sourceTree = "<group>"; };
		49C4E70FAF62856777774448 /* figure-gallery-bindings.epub */ = {isa = PBXFileReference; includeInIndex = 1; lastKnownFileType = file; path = "figure-gallery-bindings.epub"; sourceTree = "<group>"; };
		510BA1F4EB0F433CA89F1372 /* NativeEPUBEngineTests.swift */ = {isa = PBXFileReference; includeInIndex = 1; lastKnownFileType = sourcecode.swift; path = NativeEPUBEngineTests.swift; sourceTree = "<group>"; };
		519C09F50D9ECDB61EB42A73 /* indexing-for-eds-and-auths-3f.epub */ = {isa = PBXFileReference; includeInIndex = 1; lastKnownFileType = file; path = "indexing-for-eds-and-auths-3f.epub"; sourceTree = "<group>"; };
		5A4391AFD70A9253832AE93E /* kusamakura-preview-embedded.epub */ = {isa = PBXFileReference; includeInIndex = 1; lastKnownFileType = file; path = "kusamakura-preview-embedded.epub"; sourceTree = "<group>"; };
		6B101721A94C97F0B15F8E0A /* page-blanche-bitmaps-in-spine.epub */ = {isa = PBXFileReference; includeInIndex = 1; lastKnownFileType = file; path = "page-blanche-bitmaps-in-spine.epub"; sourceTree = "<group>"; };
		6B6F6F87CE408D3916D95334 /* jlreq-in-english.epub */ = {isa = PBXFileReference; includeInIndex = 1; lastKnownFileType = file; path = "jlreq-in-english.epub"; sourceTree = "<group>"; };
		78DE80B7B553073962261DC6 /* moby-dick-mo.epub */ = {isa = PBXFileReference; includeInIndex = 1; lastKnownFileType = file; path = "moby-dick-mo.epub"; sourceTree = "<group>"; };
		7D2CF6D5EA965A9EB707A473 /* internallinks.epub */ = {isa = PBXFileReference; includeInIndex = 1; lastKnownFileType = file; path = internallinks.epub; sourceTree = "<group>"; };
		7E4960943FB02B3DE5B287A4 /* jlreq-in-japanese.epub */ = {isa = PBXFileReference; includeInIndex = 1; lastKnownFileType = file; path = "jlreq-in-japanese.epub"; sourceTree = "<group>"; };
		8191CF3770B0724ED2F3D13B /* haruko-html-jpeg.epub */ = {isa = PBXFileReference; includeInIndex = 1; lastKnownFileType = file; path = "haruko-html-jpeg.epub"; sourceTree = "<group>"; };
		81D0A590A20E760F6386BD17 /* moby-dick.epub */ = {isa = PBXFileReference; includeInIndex = 1; lastKnownFileType = file; path = "moby-dick.epub"; sourceTree = "<group>"; };
		8F7F4934B000457C12EB9854 /* haruko-ahl.epub */ = {isa = PBXFileReference; includeInIndex = 1; lastKnownFileType = file; path = "haruko-ahl.epub"; sourceTree = "<group>"; };
		9A2C527D44054E76C4E060A1 /* regime-anticancer-arabic.epub */ = {isa = PBXFileReference; includeInIndex = 1; lastKnownFileType = file; path = "regime-anticancer-arabic.epub"; sourceTree = "<group>"; };
		9C533180AAE2ED380EC11C2E /* haruko-jpeg.epub */ = {isa = PBXFileReference; includeInIndex = 1; lastKnownFileType = file; path = "haruko-jpeg.epub"; sourceTree = "<group>"; };
		9EE430E6BF8E2B81BE95F6F2 /* mahabharata.epub */ = {isa = PBXFileReference; includeInIndex = 1; lastKnownFileType = file; path = mahabharata.epub; sourceTree = "<group>"; };
		A33A54BD6BDD8D5CD5F14DA0 /* TestHelpers.swift */ = {isa = PBXFileReference; includeInIndex = 1; lastKnownFileType = sourcecode.swift; path = TestHelpers.swift; sourceTree = "<group>"; };
		AB1211E8FACD466238C5ACA1 /* cole-voyage-of-life.epub */ = {isa = PBXFileReference; includeInIndex = 1; lastKnownFileType = file; path = "cole-voyage-of-life.epub"; sourceTree = "<group>"; };
		AB4FB0B945C61889390AC3DC /* EPUBParserTests.swift */ = {isa = PBXFileReference; includeInIndex = 1; lastKnownFileType = sourcecode.swift; path = EPUBParserTests.swift; sourceTree = "<group>"; };
		AE842891B44113B4A5FF6E91 /* childrens-literature.epub */ = {isa = PBXFileReference; includeInIndex = 1; lastKnownFileType = file; path = "childrens-literature.epub"; sourceTree = "<group>"; };
		B62E5AE0E1D562D97E39D9C8 /* hefty-water.epub */ = {isa = PBXFileReference; includeInIndex = 1; lastKnownFileType = file; path = "hefty-water.epub"; sourceTree = "<group>"; };
		BA11CA397984A7443ECD416A /* NativePaginationEngineTests.swift */ = {isa = PBXFileReference; includeInIndex = 1; lastKnownFileType = sourcecode.swift; path = NativePaginationEngineTests.swift; sourceTree = "<group>"; };
		BE517AB534352AE109A08B2B /* AttributedStringBuilderTests.swift */ = {isa = PBXFileReference; includeInIndex = 1; lastKnownFileType = sourcecode.swift; path = AttributedStringBuilderTests.swift; sourceTree = "<group>"; };
		D5C18CBB8A3593138384C6B7 /* quiz-bindings.epub */ = {isa = PBXFileReference; includeInIndex = 1; lastKnownFileType = file; path = "quiz-bindings.epub"; sourceTree = "<group>"; };
		EC15F57B10A6BF3F2BC1FC00 /* georgia-cfi.epub */ = {isa = PBXFileReference; includeInIndex = 1; lastKnownFileType = file; path = "georgia-cfi.epub"; sourceTree = "<group>"; };
		EE8142962968D2E6D0C8F4C4 /* sous-le-vent.epub */ = {isa = PBXFileReference; includeInIndex = 1; lastKnownFileType = file; path = "sous-le-vent.epub"; sourceTree = "<group>"; };
		F0615FA666A7A92A9ADE2691 /* kusamakura-japanese-vertical-writing.epub */ = {isa = PBXFileReference; includeInIndex = 1; lastKnownFileType = file; path = "kusamakura-japanese-vertical-writing.epub"; sourceTree = "<group>"; };
		F91E180A2F366F9C0029A1F0 /* Compendus.app */ = {isa = PBXFileReference; explicitFileType = wrapper.application; includeInIndex = 0; path = Compendus.app; sourceTree = BUILT_PRODUCTS_DIR; };
		F91E18732F37E6270029A1F0 /* CompendusWidgetExtension.appex */ = {isa = PBXFileReference; explicitFileType = "wrapper.app-extension"; includeInIndex = 0; path = CompendusWidgetExtension.appex; sourceTree = BUILT_PRODUCTS_DIR; };
		F91E18742F37E6270029A1F0 /* WidgetKit.framework */ = {isa = PBXFileReference; lastKnownFileType = wrapper.framework; name = WidgetKit.framework; path = System/Library/Frameworks/WidgetKit.framework; sourceTree = SDKROOT; };
		F91E18762F37E6270029A1F0 /* SwiftUI.framework */ = {isa = PBXFileReference; lastKnownFileType = wrapper.framework; name = SwiftUI.framework; path = System/Library/Frameworks/SwiftUI.framework; sourceTree = SDKROOT; };
		F91E18932F37EAAF0029A1F0 /* CompendusWidgetExtension.entitlements */ = {isa = PBXFileReference; lastKnownFileType = text.plist.entitlements; path = CompendusWidgetExtension.entitlements; sourceTree = "<group>"; };
		F936D7C41466220B1F3D3926 /* epub30-spec.epub */ = {isa = PBXFileReference; includeInIndex = 1; lastKnownFileType = file; path = "epub30-spec.epub"; sourceTree = "<group>"; };
		F9CF53932F4848380099E42C /* Launch Screen.storyboard */ = {isa = PBXFileReference; lastKnownFileType = file.storyboard; path = "Launch Screen.storyboard"; sourceTree = "<group>"; };
		FE3B98B8FB9F95209F6ED0D8 /* childrens-media-query.epub */ = {isa = PBXFileReference; includeInIndex = 1; lastKnownFileType = file; path = "childrens-media-query.epub"; sourceTree = "<group>"; };
		FE841F3410C7E564EA872A44 /* kusamakura-preview.epub */ = {isa = PBXFileReference; includeInIndex = 1; lastKnownFileType = file; path = "kusamakura-preview.epub"; sourceTree = "<group>"; };
/* End PBXFileReference section */

/* Begin PBXFileSystemSynchronizedBuildFileExceptionSet section */
		F91E18172F366F9E0029A1F0 /* Exceptions for "Compendus" folder in "Compendus" target */ = {
			isa = PBXFileSystemSynchronizedBuildFileExceptionSet;
			membershipExceptions = (
				Info.plist,
			);
			target = F91E18092F366F9C0029A1F0 /* Compendus */;
		};
		F91E188C2F37E6280029A1F0 /* Exceptions for "CompendusWidget" folder in "CompendusWidgetExtension" target */ = {
			isa = PBXFileSystemSynchronizedBuildFileExceptionSet;
			membershipExceptions = (
				Info.plist,
			);
			target = F91E18722F37E6270029A1F0 /* CompendusWidgetExtension */;
		};
/* End PBXFileSystemSynchronizedBuildFileExceptionSet section */

/* Begin PBXFileSystemSynchronizedRootGroup section */
		F91E180C2F366F9C0029A1F0 /* Compendus */ = {
			isa = PBXFileSystemSynchronizedRootGroup;
			exceptions = (
				F91E18172F366F9E0029A1F0 /* Exceptions for "Compendus" folder in "Compendus" target */,
			);
			path = Compendus;
			sourceTree = "<group>";
		};
		F91E18782F37E6270029A1F0 /* CompendusWidget */ = {
			isa = PBXFileSystemSynchronizedRootGroup;
			exceptions = (
				F91E188C2F37E6280029A1F0 /* Exceptions for "CompendusWidget" folder in "CompendusWidgetExtension" target */,
			);
			path = CompendusWidget;
			sourceTree = "<group>";
		};
/* End PBXFileSystemSynchronizedRootGroup section */

/* Begin PBXFrameworksBuildPhase section */
		14DEB08A8F96A9EC14103C26 /* Frameworks */ = {
			isa = PBXFrameworksBuildPhase;
			buildActionMask = 2147483647;
			files = (
				36EA78AEF80572E668BF61EC /* Foundation.framework in Frameworks */,
			);
			runOnlyForDeploymentPostprocessing = 0;
		};
		F91E18072F366F9C0029A1F0 /* Frameworks */ = {
			isa = PBXFrameworksBuildPhase;
			buildActionMask = 2147483647;
			files = (
				F91E18572F3679000029A1F0 /* ZIPFoundation in Frameworks */,
				F9A1B0012F4500000029A1F0 /* SwiftSoup in Frameworks */,
			);
			runOnlyForDeploymentPostprocessing = 0;
		};
		F91E18702F37E6270029A1F0 /* Frameworks */ = {
			isa = PBXFrameworksBuildPhase;
			buildActionMask = 2147483647;
			files = (
				F91E18772F37E6270029A1F0 /* SwiftUI.framework in Frameworks */,
				F91E18752F37E6270029A1F0 /* WidgetKit.framework in Frameworks */,
			);
			runOnlyForDeploymentPostprocessing = 0;
		};
/* End PBXFrameworksBuildPhase section */

/* Begin PBXGroup section */
		0A957213575147E9065818B7 /* CompendusTests */ = {
			isa = PBXGroup;
			children = (
				44ED4D0DA38EB9EF94A231A8 /* XHTMLContentParserTests.swift */,
				BE517AB534352AE109A08B2B /* AttributedStringBuilderTests.swift */,
				BA11CA397984A7443ECD416A /* NativePaginationEngineTests.swift */,
				510BA1F4EB0F433CA89F1372 /* NativeEPUBEngineTests.swift */,
				AB4FB0B945C61889390AC3DC /* EPUBParserTests.swift */,
				A33A54BD6BDD8D5CD5F14DA0 /* TestHelpers.swift */,
				F8FA7A8CE8AE416B7C3BBA1B /* Samples */,
			);
			path = CompendusTests;
			sourceTree = SOURCE_ROOT;
		};
		16D7533AEB006A47F6060248 /* iOS */ = {
			isa = PBXGroup;
			children = (
				3198DB17E9FF90C3612D619A /* Foundation.framework */,
			);
			name = iOS;
			sourceTree = "<group>";
		};
		F8FA7A8CE8AE416B7C3BBA1B /* Samples */ = {
			isa = PBXGroup;
			children = (
				AE842891B44113B4A5FF6E91 /* childrens-literature.epub */,
				36DB5DB50405C5725DA15419 /* linear-algebra.epub */,
				EC15F57B10A6BF3F2BC1FC00 /* georgia-cfi.epub */,
				8F7F4934B000457C12EB9854 /* haruko-ahl.epub */,
				F0615FA666A7A92A9ADE2691 /* kusamakura-japanese-vertical-writing.epub */,
				7E4960943FB02B3DE5B287A4 /* jlreq-in-japanese.epub */,
				0B9D5CC6B405CB68B11DCF76 /* accessible_epub_3.epub */,
				F936D7C41466220B1F3D3926 /* epub30-spec.epub */,
				519C09F50D9ECDB61EB42A73 /* indexing-for-eds-and-auths-3f.epub */,
				EE8142962968D2E6D0C8F4C4 /* sous-le-vent.epub */,
				B62E5AE0E1D562D97E39D9C8 /* hefty-water.epub */,
				78DE80B7B553073962261DC6 /* moby-dick-mo.epub */,
				FE3B98B8FB9F95209F6ED0D8 /* childrens-media-query.epub */,
				6B101721A94C97F0B15F8E0A /* page-blanche-bitmaps-in-spine.epub */,
				46784804C7B5A1DDB4BBF236 /* svg-in-spine.epub */,
				0AC06FBC5F946AD5BA336870 /* page-blanche.epub */,
				10EE9D9A0C87F5323A073968 /* cole-voyage-of-life-tol.epub */,
				5A4391AFD70A9253832AE93E /* kusamakura-preview-embedded.epub */,
				43AFE216AF72FB4FE34E642E /* cc-shared-culture.epub */,
				30EC1970D1ED757920B944A0 /* georgia-pls-ssml.epub */,
				81D0A590A20E760F6386BD17 /* moby-dick.epub */,
				6B6F6F87CE408D3916D95334 /* jlreq-in-english.epub */,
				7D2CF6D5EA965A9EB707A473 /* internallinks.epub */,
				9EE430E6BF8E2B81BE95F6F2 /* mahabharata.epub */,
				D5C18CBB8A3593138384C6B7 /* quiz-bindings.epub */,
				9A2C527D44054E76C4E060A1 /* regime-anticancer-arabic.epub */,
				49C4E70FAF62856777774448 /* figure-gallery-bindings.epub */,
				AB1211E8FACD466238C5ACA1 /* cole-voyage-of-life.epub */,
				37EA3933EAEC9A53BDC20584 /* sous-le-vent_svg-in-spine.epub */,
				9C533180AAE2ED380EC11C2E /* haruko-jpeg.epub */,
				8191CF3770B0724ED2F3D13B /* haruko-html-jpeg.epub */,
				1E2DD2E2CDAA9F986B881CD8 /* israelsailing.epub */,
				FE841F3410C7E564EA872A44 /* kusamakura-preview.epub */,
			);
			name = Samples;
			path = Compendus/Reader/Samples;
			sourceTree = SOURCE_ROOT;
		};
		F91E18012F366F9C0029A1F0 = {
			isa = PBXGroup;
			children = (
				F9CF53932F4848380099E42C /* Launch Screen.storyboard */,
				F91E18932F37EAAF0029A1F0 /* CompendusWidgetExtension.entitlements */,
				F91E180C2F366F9C0029A1F0 /* Compendus */,
				F91E18782F37E6270029A1F0 /* CompendusWidget */,
				F91E18542F3678BE0029A1F0 /* Frameworks */,
				F91E180B2F366F9C0029A1F0 /* Products */,
				0A957213575147E9065818B7 /* CompendusTests */,
			);
			sourceTree = "<group>";
		};
		F91E180B2F366F9C0029A1F0 /* Products */ = {
			isa = PBXGroup;
			children = (
				F91E180A2F366F9C0029A1F0 /* Compendus.app */,
				F91E18732F37E6270029A1F0 /* CompendusWidgetExtension.appex */,
				3D17E6D8AC7806D10F5B92E4 /* CompendusTests.xctest */,
			);
			name = Products;
			sourceTree = "<group>";
		};
		F91E18542F3678BE0029A1F0 /* Frameworks */ = {
			isa = PBXGroup;
			children = (
				F91E18742F37E6270029A1F0 /* WidgetKit.framework */,
				F91E18762F37E6270029A1F0 /* SwiftUI.framework */,
				16D7533AEB006A47F6060248 /* iOS */,
			);
			name = Frameworks;
			sourceTree = "<group>";
		};
/* End PBXGroup section */

/* Begin PBXNativeTarget section */
		53F8C24C7D538E0B26D52E95 /* CompendusTests */ = {
			isa = PBXNativeTarget;
			buildConfigurationList = 53F67C695915A825E2C0CCB0 /* Build configuration list for PBXNativeTarget "CompendusTests" */;
			buildPhases = (
				672429F1DA95350DFA7BEDCE /* Sources */,
				14DEB08A8F96A9EC14103C26 /* Frameworks */,
				55CCF01634BEC55C25F3C2C5 /* Resources */,
			);
			buildRules = (
			);
			dependencies = (
				B2D62605DE972E29095BA7EE /* PBXTargetDependency */,
			);
			name = CompendusTests;
			productName = CompendusTests;
			productReference = 3D17E6D8AC7806D10F5B92E4 /* CompendusTests.xctest */;
			productType = "com.apple.product-type.bundle.unit-test";
		};
		F91E18092F366F9C0029A1F0 /* Compendus */ = {
			isa = PBXNativeTarget;
			buildConfigurationList = F91E18182F366F9E0029A1F0 /* Build configuration list for PBXNativeTarget "Compendus" */;
			buildPhases = (
				F91E18062F366F9C0029A1F0 /* Sources */,
				F91E18072F366F9C0029A1F0 /* Frameworks */,
				F91E18082F366F9C0029A1F0 /* Resources */,
				F91E188D2F37E6280029A1F0 /* Embed Foundation Extensions */,
			);
			buildRules = (
			);
			dependencies = (
				F91E18872F37E6280029A1F0 /* PBXTargetDependency */,
			);
			fileSystemSynchronizedGroups = (
				F91E180C2F366F9C0029A1F0 /* Compendus */,
			);
			name = Compendus;
			packageProductDependencies = (
				F91E18582F3679000029A1F0 /* ZIPFoundation */,
				F9A1B0022F4500000029A1F0 /* SwiftSoup */,
			);
			productName = Compendus;
			productReference = F91E180A2F366F9C0029A1F0 /* Compendus.app */;
			productType = "com.apple.product-type.application";
		};
		F91E18722F37E6270029A1F0 /* CompendusWidgetExtension */ = {
			isa = PBXNativeTarget;
			buildConfigurationList = F91E18892F37E6280029A1F0 /* Build configuration list for PBXNativeTarget "CompendusWidgetExtension" */;
			buildPhases = (
				F91E186F2F37E6270029A1F0 /* Sources */,
				F91E18702F37E6270029A1F0 /* Frameworks */,
				F91E18712F37E6270029A1F0 /* Resources */,
			);
			buildRules = (
			);
			dependencies = (
			);
			fileSystemSynchronizedGroups = (
				F91E18782F37E6270029A1F0 /* CompendusWidget */,
			);
			name = CompendusWidgetExtension;
			productName = CompendusWidgetExtension;
			productReference = F91E18732F37E6270029A1F0 /* CompendusWidgetExtension.appex */;
			productType = "com.apple.product-type.app-extension";
		};
/* End PBXNativeTarget section */

/* Begin PBXProject section */
		F91E18022F366F9C0029A1F0 /* Project object */ = {
			isa = PBXProject;
			attributes = {
				BuildIndependentTargetsInParallel = 1;
				LastSwiftUpdateCheck = 2620;
				LastUpgradeCheck = 2620;
				TargetAttributes = {
					F91E18092F366F9C0029A1F0 = {
						CreatedOnToolsVersion = 26.2;
					};
					F91E18722F37E6270029A1F0 = {
						CreatedOnToolsVersion = 26.2;
					};
				};
			};
			buildConfigurationList = F91E18052F366F9C0029A1F0 /* Build configuration list for PBXProject "Compendus" */;
			developmentRegion = en;
			hasScannedForEncodings = 0;
			knownRegions = (
				en,
				Base,
			);
			mainGroup = F91E18012F366F9C0029A1F0;
			minimizedProjectReferenceProxies = 1;
			packageReferences = (
				F91E18592F3679000029A1F0 /* XCRemoteSwiftPackageReference "ZIPFoundation" */,
				F9A1B0032F4500000029A1F0 /* XCRemoteSwiftPackageReference "SwiftSoup" */,
			);
			preferredProjectObjectVersion = 77;
			productRefGroup = F91E180B2F366F9C0029A1F0 /* Products */;
			projectDirPath = "";
			projectRoot = "";
			targets = (
				F91E18092F366F9C0029A1F0 /* Compendus */,
				F91E18722F37E6270029A1F0 /* CompendusWidgetExtension */,
				53F8C24C7D538E0B26D52E95 /* CompendusTests */,
			);
		};
/* End PBXProject section */

/* Begin PBXResourcesBuildPhase section */
		55CCF01634BEC55C25F3C2C5 /* Resources */ = {
			isa = PBXResourcesBuildPhase;
			buildActionMask = 2147483647;
			files = (
				820575CE1F29DD6B0D7235E9 /* childrens-literature.epub in Resources */,
				85DC76F02C0503605478D3E1 /* linear-algebra.epub in Resources */,
				7F79025BC59FF0A0853A7CB2 /* georgia-cfi.epub in Resources */,
				4BEAEE2C3E7AA8A115739921 /* haruko-ahl.epub in Resources */,
				1A4345B752E17BB0EEF2E496 /* kusamakura-japanese-vertical-writing.epub in Resources */,
				5C7911140AA3EC3ED240161F /* jlreq-in-japanese.epub in Resources */,
				630A89744C7D0C65145E2E2F /* accessible_epub_3.epub in Resources */,
				897263B71893AA340834CB4D /* epub30-spec.epub in Resources */,
				C87D4573BA29359834CA2ED3 /* indexing-for-eds-and-auths-3f.epub in Resources */,
				61FB170B77C6B9A08879D801 /* sous-le-vent.epub in Resources */,
				50B5DF7509C408F5A6458701 /* hefty-water.epub in Resources */,
				A915BE8CBDF9617FB2542912 /* moby-dick-mo.epub in Resources */,
				A6C8714D718D4DD9AC54683D /* childrens-media-query.epub in Resources */,
				86CF172AA5BDE444DE12911B /* page-blanche-bitmaps-in-spine.epub in Resources */,
				9D79A56D8B51C192714058A6 /* svg-in-spine.epub in Resources */,
				126BA627C414AD0E8B512D3C /* page-blanche.epub in Resources */,
				81A6ABC176F1A5D934BED888 /* cole-voyage-of-life-tol.epub in Resources */,
				622B44296280C0CCFA49C674 /* kusamakura-preview-embedded.epub in Resources */,
				0962C86F16A51D4580A8AB82 /* cc-shared-culture.epub in Resources */,
				F762B7CB76CB156CFA5440F8 /* georgia-pls-ssml.epub in Resources */,
				4E7D36E4CDF5F900FC97416B /* moby-dick.epub in Resources */,
				922A738C682FFB9BEEC2E827 /* jlreq-in-english.epub in Resources */,
				8F94EB0592449A47A99B4B08 /* internallinks.epub in Resources */,
				5261468CF2191467A9AC0C75 /* mahabharata.epub in Resources */,
				15F2A68DC8B06A14B4D9CA3D /* quiz-bindings.epub in Resources */,
				8C2B5C770A32AFE1A92F7CC9 /* regime-anticancer-arabic.epub in Resources */,
				4637F892513846848EC1E57C /* figure-gallery-bindings.epub in Resources */,
				4CF97F08ACEDC367E1CF78C0 /* cole-voyage-of-life.epub in Resources */,
				CFB6A1D78AC6A4EFA68EDFE0 /* sous-le-vent_svg-in-spine.epub in Resources */,
				C5646A1FEF05473109666712 /* haruko-jpeg.epub in Resources */,
				D1B527B10E02140348962F8D /* haruko-html-jpeg.epub in Resources */,
				6930027B1C5483DF3FFA2B58 /* israelsailing.epub in Resources */,
				60155E7648C284E88D055B26 /* kusamakura-preview.epub in Resources */,
			);
			runOnlyForDeploymentPostprocessing = 0;
		};
		F91E18082F366F9C0029A1F0 /* Resources */ = {
			isa = PBXResourcesBuildPhase;
			buildActionMask = 2147483647;
			files = (
				F9CF53942F4848380099E42C /* Launch Screen.storyboard in Resources */,
			);
			runOnlyForDeploymentPostprocessing = 0;
		};
		F91E18712F37E6270029A1F0 /* Resources */ = {
			isa = PBXResourcesBuildPhase;
			buildActionMask = 2147483647;
			files = (
			);
			runOnlyForDeploymentPostprocessing = 0;
		};
/* End PBXResourcesBuildPhase section */

/* Begin PBXSourcesBuildPhase section */
		672429F1DA95350DFA7BEDCE /* Sources */ = {
			isa = PBXSourcesBuildPhase;
			buildActionMask = 2147483647;
			files = (
				F58FD9C72A7ED05E8F046F7E /* XHTMLContentParserTests.swift in Sources */,
				2C381E44577CB1DB692BAA8A /* AttributedStringBuilderTests.swift in Sources */,
				740FCD4B25798FF7FA92C43B /* NativePaginationEngineTests.swift in Sources */,
				C7B52C7FC49FDA601594006C /* NativeEPUBEngineTests.swift in Sources */,
				22EBCD4572294F1AF8D8F9C8 /* EPUBParserTests.swift in Sources */,
				C306A46CA6F5DEE383DFD793 /* TestHelpers.swift in Sources */,
			);
			runOnlyForDeploymentPostprocessing = 0;
		};
		F91E18062F366F9C0029A1F0 /* Sources */ = {
			isa = PBXSourcesBuildPhase;
			buildActionMask = 2147483647;
			files = (
			);
			runOnlyForDeploymentPostprocessing = 0;
		};
		F91E186F2F37E6270029A1F0 /* Sources */ = {
			isa = PBXSourcesBuildPhase;
			buildActionMask = 2147483647;
			files = (
			);
			runOnlyForDeploymentPostprocessing = 0;
		};
/* End PBXSourcesBuildPhase section */

/* Begin PBXTargetDependency section */
		B2D62605DE972E29095BA7EE /* PBXTargetDependency */ = {
			isa = PBXTargetDependency;
			name = Compendus;
			target = F91E18092F366F9C0029A1F0 /* Compendus */;
			targetProxy = 4C01B1A11929028ABAE5A0B6 /* PBXContainerItemProxy */;
		};
		F91E18872F37E6280029A1F0 /* PBXTargetDependency */ = {
			isa = PBXTargetDependency;
			target = F91E18722F37E6270029A1F0 /* CompendusWidgetExtension */;
			targetProxy = F91E18862F37E6280029A1F0 /* PBXContainerItemProxy */;
		};
/* End PBXTargetDependency section */

/* Begin XCBuildConfiguration section */
		092AF2047513EFAA6D31CA22 /* Release */ = {
			isa = XCBuildConfiguration;
			buildSettings = {
				BUNDLE_LOADER = "$(TEST_HOST)";
				CODE_SIGN_STYLE = Automatic;
				DEVELOPMENT_TEAM = PYQ4EQ49YL;
				GENERATE_INFOPLIST_FILE = YES;
				INFOPLIST_KEY_CFBundleDisplayName = CompendusTests;
				IPHONEOS_DEPLOYMENT_TARGET = 26.2;
				MACOSX_DEPLOYMENT_TARGET = 26.2;
				PRODUCT_BUNDLE_IDENTIFIER = com.gabrielcsapo.CompendusTests;
				PRODUCT_NAME = "$(TARGET_NAME)";
				SDKROOT = iphoneos;
				SWIFT_VERSION = 5.0;
				TEST_HOST = "$(BUILT_PRODUCTS_DIR)/Compendus.app/$(BUNDLE_EXECUTABLE_FOLDER_PATH)/Compendus";
				VALIDATE_PRODUCT = YES;
				XROS_DEPLOYMENT_TARGET = 26.2;
			};
			name = Release;
		};
		4536DCA2FB035F97BF5EFD02 /* Debug */ = {
			isa = XCBuildConfiguration;
			buildSettings = {
				BUNDLE_LOADER = "$(TEST_HOST)";
				CODE_SIGN_STYLE = Automatic;
				DEVELOPMENT_TEAM = PYQ4EQ49YL;
				GENERATE_INFOPLIST_FILE = YES;
				INFOPLIST_KEY_CFBundleDisplayName = CompendusTests;
				IPHONEOS_DEPLOYMENT_TARGET = 26.2;
				MACOSX_DEPLOYMENT_TARGET = 26.2;
				PRODUCT_BUNDLE_IDENTIFIER = com.gabrielcsapo.CompendusTests;
				PRODUCT_NAME = "$(TARGET_NAME)";
				SDKROOT = iphoneos;
				SWIFT_VERSION = 5.0;
				TEST_HOST = "$(BUILT_PRODUCTS_DIR)/Compendus.app/$(BUNDLE_EXECUTABLE_FOLDER_PATH)/Compendus";
				XROS_DEPLOYMENT_TARGET = 26.2;
			};
			name = Debug;
		};
		F91E18192F366F9E0029A1F0 /* Debug */ = {
			isa = XCBuildConfiguration;
			buildSettings = {
				ASSETCATALOG_COMPILER_APPICON_NAME = AppIcon;
				ASSETCATALOG_COMPILER_GLOBAL_ACCENT_COLOR_NAME = AccentColor;
				ASSETCATALOG_COMPILER_INCLUDE_ALL_APPICON_ASSETS = YES;
				CODE_SIGN_ENTITLEMENTS = Compendus/Compendus.entitlements;
				CODE_SIGN_IDENTITY = "Apple Development";
				CODE_SIGN_STYLE = Automatic;
				CURRENT_PROJECT_VERSION = 1;
				DEVELOPMENT_TEAM = PYQ4EQ49YL;
				ENABLE_APP_SANDBOX = YES;
				ENABLE_HARDENED_RUNTIME = YES;
				ENABLE_INCOMING_NETWORK_CONNECTIONS = YES;
				ENABLE_OUTGOING_NETWORK_CONNECTIONS = YES;
				ENABLE_PREVIEWS = YES;
				ENABLE_RESOURCE_ACCESS_AUDIO_INPUT = NO;
				ENABLE_RESOURCE_ACCESS_BLUETOOTH = NO;
				ENABLE_RESOURCE_ACCESS_CALENDARS = NO;
				ENABLE_RESOURCE_ACCESS_CAMERA = NO;
				ENABLE_RESOURCE_ACCESS_CONTACTS = NO;
				ENABLE_RESOURCE_ACCESS_LOCATION = NO;
				ENABLE_RESOURCE_ACCESS_PRINTING = NO;
				ENABLE_RESOURCE_ACCESS_USB = NO;
				ENABLE_USER_SELECTED_FILES = readonly;
				GENERATE_INFOPLIST_FILE = YES;
				INFOPLIST_FILE = Compendus/Info.plist;
				"INFOPLIST_KEY_UIApplicationSceneManifest_Generation[sdk=iphoneos*]" = YES;
				"INFOPLIST_KEY_UIApplicationSceneManifest_Generation[sdk=iphonesimulator*]" = YES;
				"INFOPLIST_KEY_UIApplicationSupportsIndirectInputEvents[sdk=iphoneos*]" = YES;
				"INFOPLIST_KEY_UIApplicationSupportsIndirectInputEvents[sdk=iphonesimulator*]" = YES;
				"INFOPLIST_KEY_UIStatusBarStyle[sdk=iphoneos*]" = UIStatusBarStyleDefault;
				"INFOPLIST_KEY_UIStatusBarStyle[sdk=iphonesimulator*]" = UIStatusBarStyleDefault;
				INFOPLIST_KEY_UISupportedInterfaceOrientations_iPad = "UIInterfaceOrientationPortrait UIInterfaceOrientationPortraitUpsideDown UIInterfaceOrientationLandscapeLeft UIInterfaceOrientationLandscapeRight";
				INFOPLIST_KEY_UISupportedInterfaceOrientations_iPhone = "UIInterfaceOrientationPortrait UIInterfaceOrientationLandscapeLeft UIInterfaceOrientationLandscapeRight";
				IPHONEOS_DEPLOYMENT_TARGET = 26.2;
				LD_RUNPATH_SEARCH_PATHS = "@executable_path/Frameworks";
				"LD_RUNPATH_SEARCH_PATHS[sdk=macosx*]" = "@executable_path/../Frameworks";
				MACOSX_DEPLOYMENT_TARGET = 26.2;
				MARKETING_VERSION = 1.0;
				PRODUCT_BUNDLE_IDENTIFIER = com.gabrielcsapo.Compendus;
				PRODUCT_NAME = "$(TARGET_NAME)";
				PROVISIONING_PROFILE_SPECIFIER = "";
				REGISTER_APP_GROUPS = YES;
				SDKROOT = auto;
				STRING_CATALOG_GENERATE_SYMBOLS = YES;
				SUPPORTED_PLATFORMS = "iphoneos iphonesimulator";
				SUPPORTS_MACCATALYST = YES;
				SWIFT_APPROACHABLE_CONCURRENCY = YES;
				SWIFT_DEFAULT_ACTOR_ISOLATION = MainActor;
				SWIFT_EMIT_LOC_STRINGS = YES;
				SWIFT_UPCOMING_FEATURE_MEMBER_IMPORT_VISIBILITY = YES;
				SWIFT_VERSION = 5.0;
				TARGETED_DEVICE_FAMILY = "1,2";
				XROS_DEPLOYMENT_TARGET = 26.2;
			};
			name = Debug;
		};
		F91E181A2F366F9E0029A1F0 /* Release */ = {
			isa = XCBuildConfiguration;
			buildSettings = {
				ASSETCATALOG_COMPILER_APPICON_NAME = AppIcon;
				ASSETCATALOG_COMPILER_GLOBAL_ACCENT_COLOR_NAME = AccentColor;
				ASSETCATALOG_COMPILER_INCLUDE_ALL_APPICON_ASSETS = YES;
				CODE_SIGN_ENTITLEMENTS = Compendus/Compendus.entitlements;
				CODE_SIGN_IDENTITY = "Apple Development";
				CODE_SIGN_STYLE = Automatic;
				CURRENT_PROJECT_VERSION = 1;
				DEVELOPMENT_TEAM = PYQ4EQ49YL;
				ENABLE_APP_SANDBOX = YES;
				ENABLE_HARDENED_RUNTIME = YES;
				ENABLE_INCOMING_NETWORK_CONNECTIONS = YES;
				ENABLE_OUTGOING_NETWORK_CONNECTIONS = YES;
				ENABLE_PREVIEWS = YES;
				ENABLE_RESOURCE_ACCESS_AUDIO_INPUT = NO;
				ENABLE_RESOURCE_ACCESS_BLUETOOTH = NO;
				ENABLE_RESOURCE_ACCESS_CALENDARS = NO;
				ENABLE_RESOURCE_ACCESS_CAMERA = NO;
				ENABLE_RESOURCE_ACCESS_CONTACTS = NO;
				ENABLE_RESOURCE_ACCESS_LOCATION = NO;
				ENABLE_RESOURCE_ACCESS_PRINTING = NO;
				ENABLE_RESOURCE_ACCESS_USB = NO;
				ENABLE_USER_SELECTED_FILES = readonly;
				GENERATE_INFOPLIST_FILE = YES;
				INFOPLIST_FILE = Compendus/Info.plist;
				"INFOPLIST_KEY_UIApplicationSceneManifest_Generation[sdk=iphoneos*]" = YES;
				"INFOPLIST_KEY_UIApplicationSceneManifest_Generation[sdk=iphonesimulator*]" = YES;
				"INFOPLIST_KEY_UIApplicationSupportsIndirectInputEvents[sdk=iphoneos*]" = YES;
				"INFOPLIST_KEY_UIApplicationSupportsIndirectInputEvents[sdk=iphonesimulator*]" = YES;
				"INFOPLIST_KEY_UIStatusBarStyle[sdk=iphoneos*]" = UIStatusBarStyleDefault;
				"INFOPLIST_KEY_UIStatusBarStyle[sdk=iphonesimulator*]" = UIStatusBarStyleDefault;
				INFOPLIST_KEY_UISupportedInterfaceOrientations_iPad = "UIInterfaceOrientationPortrait UIInterfaceOrientationPortraitUpsideDown UIInterfaceOrientationLandscapeLeft UIInterfaceOrientationLandscapeRight";
				INFOPLIST_KEY_UISupportedInterfaceOrientations_iPhone = "UIInterfaceOrientationPortrait UIInterfaceOrientationLandscapeLeft UIInterfaceOrientationLandscapeRight";
				IPHONEOS_DEPLOYMENT_TARGET = 26.2;
				LD_RUNPATH_SEARCH_PATHS = "@executable_path/Frameworks";
				"LD_RUNPATH_SEARCH_PATHS[sdk=macosx*]" = "@executable_path/../Frameworks";
				MACOSX_DEPLOYMENT_TARGET = 26.2;
				MARKETING_VERSION = 1.0;
				PRODUCT_BUNDLE_IDENTIFIER = com.gabrielcsapo.Compendus;
				PRODUCT_NAME = "$(TARGET_NAME)";
				PROVISIONING_PROFILE_SPECIFIER = "";
				REGISTER_APP_GROUPS = YES;
				SDKROOT = auto;
				STRING_CATALOG_GENERATE_SYMBOLS = YES;
				SUPPORTED_PLATFORMS = "iphoneos iphonesimulator";
				SUPPORTS_MACCATALYST = YES;
				SWIFT_APPROACHABLE_CONCURRENCY = YES;
				SWIFT_DEFAULT_ACTOR_ISOLATION = MainActor;
				SWIFT_EMIT_LOC_STRINGS = YES;
				SWIFT_UPCOMING_FEATURE_MEMBER_IMPORT_VISIBILITY = YES;
				SWIFT_VERSION = 5.0;
				TARGETED_DEVICE_FAMILY = "1,2";
				XROS_DEPLOYMENT_TARGET = 26.2;
			};
			name = Release;
		};
		F91E181B2F366F9E0029A1F0 /* Debug */ = {
			isa = XCBuildConfiguration;
			buildSettings = {
				ALWAYS_SEARCH_USER_PATHS = NO;
				ASSETCATALOG_COMPILER_GENERATE_SWIFT_ASSET_SYMBOL_EXTENSIONS = YES;
				CLANG_ANALYZER_NONNULL = YES;
				CLANG_ANALYZER_NUMBER_OBJECT_CONVERSION = YES_AGGRESSIVE;
				CLANG_CXX_LANGUAGE_STANDARD = "gnu++20";
				CLANG_ENABLE_MODULES = YES;
				CLANG_ENABLE_OBJC_ARC = YES;
				CLANG_ENABLE_OBJC_WEAK = YES;
				CLANG_WARN_BLOCK_CAPTURE_AUTORELEASING = YES;
				CLANG_WARN_BOOL_CONVERSION = YES;
				CLANG_WARN_COMMA = YES;
				CLANG_WARN_CONSTANT_CONVERSION = YES;
				CLANG_WARN_DEPRECATED_OBJC_IMPLEMENTATIONS = YES;
				CLANG_WARN_DIRECT_OBJC_ISA_USAGE = YES_ERROR;
				CLANG_WARN_DOCUMENTATION_COMMENTS = YES;
				CLANG_WARN_EMPTY_BODY = YES;
				CLANG_WARN_ENUM_CONVERSION = YES;
				CLANG_WARN_INFINITE_RECURSION = YES;
				CLANG_WARN_INT_CONVERSION = YES;
				CLANG_WARN_NON_LITERAL_NULL_CONVERSION = YES;
				CLANG_WARN_OBJC_IMPLICIT_RETAIN_SELF = YES;
				CLANG_WARN_OBJC_LITERAL_CONVERSION = YES;
				CLANG_WARN_OBJC_ROOT_CLASS = YES_ERROR;
				CLANG_WARN_QUOTED_INCLUDE_IN_FRAMEWORK_HEADER = YES;
				CLANG_WARN_RANGE_LOOP_ANALYSIS = YES;
				CLANG_WARN_STRICT_PROTOTYPES = YES;
				CLANG_WARN_SUSPICIOUS_MOVE = YES;
				CLANG_WARN_UNGUARDED_AVAILABILITY = YES_AGGRESSIVE;
				CLANG_WARN_UNREACHABLE_CODE = YES;
				CLANG_WARN__DUPLICATE_METHOD_MATCH = YES;
				COPY_PHASE_STRIP = NO;
				DEBUG_INFORMATION_FORMAT = dwarf;
				DEVELOPMENT_TEAM = LXUHPDSG76;
				ENABLE_STRICT_OBJC_MSGSEND = YES;
				ENABLE_TESTABILITY = YES;
				ENABLE_USER_SCRIPT_SANDBOXING = YES;
				GCC_C_LANGUAGE_STANDARD = gnu17;
				GCC_DYNAMIC_NO_PIC = NO;
				GCC_NO_COMMON_BLOCKS = YES;
				GCC_OPTIMIZATION_LEVEL = 0;
				GCC_PREPROCESSOR_DEFINITIONS = (
					"DEBUG=1",
					"$(inherited)",
				);
				GCC_WARN_64_TO_32_BIT_CONVERSION = YES;
				GCC_WARN_ABOUT_RETURN_TYPE = YES_ERROR;
				GCC_WARN_UNDECLARED_SELECTOR = YES;
				GCC_WARN_UNINITIALIZED_AUTOS = YES_AGGRESSIVE;
				GCC_WARN_UNUSED_FUNCTION = YES;
				GCC_WARN_UNUSED_VARIABLE = YES;
				LOCALIZATION_PREFERS_STRING_CATALOGS = YES;
				MTL_ENABLE_DEBUG_INFO = INCLUDE_SOURCE;
				MTL_FAST_MATH = YES;
				ONLY_ACTIVE_ARCH = YES;
				SWIFT_ACTIVE_COMPILATION_CONDITIONS = "DEBUG $(inherited)";
				SWIFT_OPTIMIZATION_LEVEL = "-Onone";
			};
			name = Debug;
		};
		F91E181C2F366F9E0029A1F0 /* Release */ = {
			isa = XCBuildConfiguration;
			buildSettings = {
				ALWAYS_SEARCH_USER_PATHS = NO;
				ASSETCATALOG_COMPILER_GENERATE_SWIFT_ASSET_SYMBOL_EXTENSIONS = YES;
				CLANG_ANALYZER_NONNULL = YES;
				CLANG_ANALYZER_NUMBER_OBJECT_CONVERSION = YES_AGGRESSIVE;
				CLANG_CXX_LANGUAGE_STANDARD = "gnu++20";
				CLANG_ENABLE_MODULES = YES;
				CLANG_ENABLE_OBJC_ARC = YES;
				CLANG_ENABLE_OBJC_WEAK = YES;
				CLANG_WARN_BLOCK_CAPTURE_AUTORELEASING = YES;
				CLANG_WARN_BOOL_CONVERSION = YES;
				CLANG_WARN_COMMA = YES;
				CLANG_WARN_CONSTANT_CONVERSION = YES;
				CLANG_WARN_DEPRECATED_OBJC_IMPLEMENTATIONS = YES;
				CLANG_WARN_DIRECT_OBJC_ISA_USAGE = YES_ERROR;
				CLANG_WARN_DOCUMENTATION_COMMENTS = YES;
				CLANG_WARN_EMPTY_BODY = YES;
				CLANG_WARN_ENUM_CONVERSION = YES;
				CLANG_WARN_INFINITE_RECURSION = YES;
				CLANG_WARN_INT_CONVERSION = YES;
				CLANG_WARN_NON_LITERAL_NULL_CONVERSION = YES;
				CLANG_WARN_OBJC_IMPLICIT_RETAIN_SELF = YES;
				CLANG_WARN_OBJC_LITERAL_CONVERSION = YES;
				CLANG_WARN_OBJC_ROOT_CLASS = YES_ERROR;
				CLANG_WARN_QUOTED_INCLUDE_IN_FRAMEWORK_HEADER = YES;
				CLANG_WARN_RANGE_LOOP_ANALYSIS = YES;
				CLANG_WARN_STRICT_PROTOTYPES = YES;
				CLANG_WARN_SUSPICIOUS_MOVE = YES;
				CLANG_WARN_UNGUARDED_AVAILABILITY = YES_AGGRESSIVE;
				CLANG_WARN_UNREACHABLE_CODE = YES;
				CLANG_WARN__DUPLICATE_METHOD_MATCH = YES;
				COPY_PHASE_STRIP = NO;
				DEBUG_INFORMATION_FORMAT = "dwarf-with-dsym";
				DEVELOPMENT_TEAM = LXUHPDSG76;
				ENABLE_NS_ASSERTIONS = NO;
				ENABLE_STRICT_OBJC_MSGSEND = YES;
				ENABLE_USER_SCRIPT_SANDBOXING = YES;
				GCC_C_LANGUAGE_STANDARD = gnu17;
				GCC_NO_COMMON_BLOCKS = YES;
				GCC_WARN_64_TO_32_BIT_CONVERSION = YES;
				GCC_WARN_ABOUT_RETURN_TYPE = YES_ERROR;
				GCC_WARN_UNDECLARED_SELECTOR = YES;
				GCC_WARN_UNINITIALIZED_AUTOS = YES_AGGRESSIVE;
				GCC_WARN_UNUSED_FUNCTION = YES;
				GCC_WARN_UNUSED_VARIABLE = YES;
				LOCALIZATION_PREFERS_STRING_CATALOGS = YES;
				MTL_ENABLE_DEBUG_INFO = NO;
				MTL_FAST_MATH = YES;
				SWIFT_COMPILATION_MODE = wholemodule;
			};
			name = Release;
		};
		F91E188A2F37E6280029A1F0 /* Debug */ = {
			isa = XCBuildConfiguration;
			buildSettings = {
				ASSETCATALOG_COMPILER_GLOBAL_ACCENT_COLOR_NAME = AccentColor;
				ASSETCATALOG_COMPILER_WIDGET_BACKGROUND_COLOR_NAME = WidgetBackground;
				CODE_SIGN_ENTITLEMENTS = CompendusWidgetExtension.entitlements;
				CODE_SIGN_IDENTITY = "Apple Development";
				CODE_SIGN_STYLE = Automatic;
				CURRENT_PROJECT_VERSION = 1;
				DEVELOPMENT_TEAM = PYQ4EQ49YL;
				GENERATE_INFOPLIST_FILE = YES;
				INFOPLIST_FILE = CompendusWidget/Info.plist;
				INFOPLIST_KEY_CFBundleDisplayName = CompendusWidget;
				INFOPLIST_KEY_NSHumanReadableCopyright = "";
				IPHONEOS_DEPLOYMENT_TARGET = 26.2;
				LD_RUNPATH_SEARCH_PATHS = (
					"$(inherited)",
					"@executable_path/Frameworks",
					"@executable_path/../../Frameworks",
				);
				MARKETING_VERSION = 1.0;
				PRODUCT_BUNDLE_IDENTIFIER = com.gabrielcsapo.Compendus.CompendusWidget;
				PRODUCT_NAME = "$(TARGET_NAME)";
				PROVISIONING_PROFILE_SPECIFIER = "";
				SDKROOT = auto;
				SKIP_INSTALL = YES;
				STRING_CATALOG_GENERATE_SYMBOLS = YES;
				SUPPORTED_PLATFORMS = "iphoneos iphonesimulator";
				SUPPORTS_MACCATALYST = YES;
				SWIFT_APPROACHABLE_CONCURRENCY = YES;
				SWIFT_EMIT_LOC_STRINGS = YES;
				SWIFT_UPCOMING_FEATURE_MEMBER_IMPORT_VISIBILITY = YES;
				SWIFT_VERSION = 5.0;
				TARGETED_DEVICE_FAMILY = "1,2";
			};
			name = Debug;
		};
		F91E188B2F37E6280029A1F0 /* Release */ = {
			isa = XCBuildConfiguration;
			buildSettings = {
				ASSETCATALOG_COMPILER_GLOBAL_ACCENT_COLOR_NAME = AccentColor;
				ASSETCATALOG_COMPILER_WIDGET_BACKGROUND_COLOR_NAME = WidgetBackground;
				CODE_SIGN_ENTITLEMENTS = CompendusWidgetExtension.entitlements;
				CODE_SIGN_IDENTITY = "Apple Development";
				CODE_SIGN_STYLE = Automatic;
				CURRENT_PROJECT_VERSION = 1;
				DEVELOPMENT_TEAM = PYQ4EQ49YL;
				GENERATE_INFOPLIST_FILE = YES;
				INFOPLIST_FILE = CompendusWidget/Info.plist;
				INFOPLIST_KEY_CFBundleDisplayName = CompendusWidget;
				INFOPLIST_KEY_NSHumanReadableCopyright = "";
				IPHONEOS_DEPLOYMENT_TARGET = 26.2;
				LD_RUNPATH_SEARCH_PATHS = (
					"$(inherited)",
					"@executable_path/Frameworks",
					"@executable_path/../../Frameworks",
				);
				MARKETING_VERSION = 1.0;
				PRODUCT_BUNDLE_IDENTIFIER = com.gabrielcsapo.Compendus.CompendusWidget;
				PRODUCT_NAME = "$(TARGET_NAME)";
				PROVISIONING_PROFILE_SPECIFIER = "";
				SDKROOT = auto;
				SKIP_INSTALL = YES;
				STRING_CATALOG_GENERATE_SYMBOLS = YES;
				SUPPORTED_PLATFORMS = "iphoneos iphonesimulator";
				SUPPORTS_MACCATALYST = YES;
				SWIFT_APPROACHABLE_CONCURRENCY = YES;
				SWIFT_EMIT_LOC_STRINGS = YES;
				SWIFT_UPCOMING_FEATURE_MEMBER_IMPORT_VISIBILITY = YES;
				SWIFT_VERSION = 5.0;
				TARGETED_DEVICE_FAMILY = "1,2";
				VALIDATE_PRODUCT = YES;
			};
			name = Release;
		};
/* End XCBuildConfiguration section */

/* Begin XCConfigurationList section */
		53F67C695915A825E2C0CCB0 /* Build configuration list for PBXNativeTarget "CompendusTests" */ = {
			isa = XCConfigurationList;
			buildConfigurations = (
				092AF2047513EFAA6D31CA22 /* Release */,
				4536DCA2FB035F97BF5EFD02 /* Debug */,
			);
			defaultConfigurationIsVisible = 0;
			defaultConfigurationName = Release;
		};
		F91E18052F366F9C0029A1F0 /* Build configuration list for PBXProject "Compendus" */ = {
			isa = XCConfigurationList;
			buildConfigurations = (
				F91E181B2F366F9E0029A1F0 /* Debug */,
				F91E181C2F366F9E0029A1F0 /* Release */,
			);
			defaultConfigurationIsVisible = 0;
			defaultConfigurationName = Release;
		};
		F91E18182F366F9E0029A1F0 /* Build configuration list for PBXNativeTarget "Compendus" */ = {
			isa = XCConfigurationList;
			buildConfigurations = (
				F91E18192F366F9E0029A1F0 /* Debug */,
				F91E181A2F366F9E0029A1F0 /* Release */,
			);
			defaultConfigurationIsVisible = 0;
			defaultConfigurationName = Release;
		};
		F91E18892F37E6280029A1F0 /* Build configuration list for PBXNativeTarget "CompendusWidgetExtension" */ = {
			isa = XCConfigurationList;
			buildConfigurations = (
				F91E188A2F37E6280029A1F0 /* Debug */,
				F91E188B2F37E6280029A1F0 /* Release */,
			);
			defaultConfigurationIsVisible = 0;
			defaultConfigurationName = Release;
		};
/* End XCConfigurationList section */

/* Begin XCRemoteSwiftPackageReference section */
		F91E18592F3679000029A1F0 /* XCRemoteSwiftPackageReference "ZIPFoundation" */ = {
			isa = XCRemoteSwiftPackageReference;
			repositoryURL = "https://github.com/weichsel/ZIPFoundation";
			requirement = {
				kind = upToNextMajorVersion;
				minimumVersion = 0.9.19;
			};
		};
		F9A1B0032F4500000029A1F0 /* XCRemoteSwiftPackageReference "SwiftSoup" */ = {
			isa = XCRemoteSwiftPackageReference;
			repositoryURL = "https://github.com/scinfu/SwiftSoup";
			requirement = {
				kind = upToNextMajorVersion;
				minimumVersion = 2.6.0;
			};
		};
/* End XCRemoteSwiftPackageReference section */

/* Begin XCSwiftPackageProductDependency section */
		F91E18582F3679000029A1F0 /* ZIPFoundation */ = {
			isa = XCSwiftPackageProductDependency;
			package = F91E18592F3679000029A1F0 /* XCRemoteSwiftPackageReference "ZIPFoundation" */;
			productName = ZIPFoundation;
		};
		F9A1B0022F4500000029A1F0 /* SwiftSoup */ = {
			isa = XCSwiftPackageProductDependency;
			package = F9A1B0032F4500000029A1F0 /* XCRemoteSwiftPackageReference "SwiftSoup" */;
			productName = SwiftSoup;
		};
/* End XCSwiftPackageProductDependency section */
	};
	rootObject = F91E18022F366F9C0029A1F0 /* Project object */;
}
